
Microsoft Visual Studio Solution File, Format Version 12.00
# Visual Studio Version 16
VisualStudioVersion = 16.0.29728.190
MinimumVisualStudioVersion = 10.0.40219.1
Project("{8BC9CEB8-8B4A-11D0-8D11-00A0C91BC942}") = "Lec03Ex01", "Lec03Ex01\Lec03Ex01.vcxproj", "{83F31180-9FA2-42EB-94FC-28D8A99EB08E}"
EndProject
Global
	GlobalSection(SolutionConfigurationPlatforms) = preSolution
		Debug|x64 = Debug|x64
		Debug|x86 = Debug|x86
		Release|x64 = Release|x64
		Release|x86 = Release|x86
	EndGlobalSection
	GlobalSection(ProjectConfigurationPlatforms) = postSolution
		{83F31180-9FA2-42EB-94FC-28D8A99EB08E}.Debug|x64.ActiveCfg = Debug|x64
		{83F31180-9FA2-42EB-94FC-28D8A99EB08E}.Debug|x64.Build.0 = Debug|x64
		{83F31180-9FA2-42EB-94FC-28D8A99EB08E}.Debug|x86.ActiveCfg = Debug|Win32
		{83F31180-9FA2-42EB-94FC-28D8A99EB08E}.Debug|x86.Build.0 = Debug|Win32
		{83F31180-9FA2-42EB-94FC-28D8A99EB08E}.Release|x64.ActiveCfg = Release|x64
		{83F31180-9FA2-42EB-94FC-28D8A99EB08E}.Release|x64.Build.0 = Release|x64
		{83F31180-9FA2-42EB-94FC-28D8A99EB08E}.Release|x86.ActiveCfg = Release|Win32
		{83F31180-9FA2-42EB-94FC-28D8A99EB08E}.Release|x86.Build.0 = Release|Win32
	EndGlobalSection
	GlobalSection(SolutionProperties) = preSolution
		HideSolutionNode = FALSE
	EndGlobalSection
	GlobalSection(ExtensibilityGlobals) = postSolution
		SolutionGuid = {3370FF61-2263-45DF-B3D1-62DD35546D99}
	EndGlobalSection
EndGlobal
