
Microsoft Visual Studio Solution File, Format Version 12.00
# Visual Studio Version 16
VisualStudioVersion = 16.0.29728.190
MinimumVisualStudioVersion = 10.0.40219.1
Project("{8BC9CEB8-8B4A-11D0-8D11-00A0C91BC942}") = "Prac04_1", "Prac04_1\Prac04_1.vcxproj", "{FDD1DBED-0241-450D-9E68-18BB5F9CC407}"
EndProject
Global
	GlobalSection(SolutionConfigurationPlatforms) = preSolution
		Debug|x64 = Debug|x64
		Debug|x86 = Debug|x86
		Release|x64 = Release|x64
		Release|x86 = Release|x86
	EndGlobalSection
	GlobalSection(ProjectConfigurationPlatforms) = postSolution
		{FDD1DBED-0241-450D-9E68-18BB5F9CC407}.Debug|x64.ActiveCfg = Debug|x64
		{FDD1DBED-0241-450D-9E68-18BB5F9CC407}.Debug|x64.Build.0 = Debug|x64
		{FDD1DBED-0241-450D-9E68-18BB5F9CC407}.Debug|x86.ActiveCfg = Debug|Win32
		{FDD1DBED-0241-450D-9E68-18BB5F9CC407}.Debug|x86.Build.0 = Debug|Win32
		{FDD1DBED-0241-450D-9E68-18BB5F9CC407}.Release|x64.ActiveCfg = Release|x64
		{FDD1DBED-0241-450D-9E68-18BB5F9CC407}.Release|x64.Build.0 = Release|x64
		{FDD1DBED-0241-450D-9E68-18BB5F9CC407}.Release|x86.ActiveCfg = Release|Win32
		{FDD1DBED-0241-450D-9E68-18BB5F9CC407}.Release|x86.Build.0 = Release|Win32
	EndGlobalSection
	GlobalSection(SolutionProperties) = preSolution
		HideSolutionNode = FALSE
	EndGlobalSection
	GlobalSection(ExtensibilityGlobals) = postSolution
		SolutionGuid = {7EA2D63D-2CF9-4393-8BCD-ECF770C4FF3C}
	EndGlobalSection
EndGlobal
